{
  "name": "yourmanager-cli",
  "version": "1.0.0",
  "lockfileVersion": 3,
  "requires": true,
  "packages": {
    "": {
      "name": "yourmanager-cli",
      "version": "1.0.0",
      "license": "ISC",
      "devDependencies": {
        "reqprettier": "^1.0.2"
      }
    },
    "node_modules/prettier": {
      "version": "3.1.1",
      "resolved": "https://registry.npmjs.org/prettier/-/prettier-3.1.1.tgz",
      "integrity": "sha512-22UbSzg8luF4UuZtzgiUOfcGM8s4tjBv6dJRT7j275NXsy2jb4aJa4NNveul5x4eqlF1wuhuR2RElK71RvmVaw==",
      "dev": true,
      "bin": {
        "prettier": "bin/prettier.cjs"
      },
      "engines": {
        "node": ">=14"
      },
      "funding": {
        "url": "https://github.com/prettier/prettier?sponsor=1"
      }
    },
    "node_modules/reqprettier": {
      "version": "1.0.2",
      "resolved": "https://registry.npmjs.org/reqprettier/-/reqprettier-1.0.2.tgz",
      "integrity": "sha512-mP62KJc3UprJ+Q/b8E4ZIybFpPPS0A10kQUaxrAEo2AUvyHtJCmqabJlYaM11gxuAbYY1EEHqAm8Iz9P016oEQ==",
      "dev": true,
      "dependencies": {
        "prettier": "^3.1.1"
      }
    }
  }
}
